
Microsoft Visual Studio Solution File, Format Version 12.00
# Visual Studio 15
VisualStudioVersion = 15.0.26124.0
MinimumVisualStudioVersion = 15.0.26124.0
Project("{FAE04EC0-301F-11D3-BF4B-00C04F79EFBC}") = "Domain", "Domain\Domain.csproj", "{08DCA892-B6C5-442A-8C08-7C7495F3CC4C}"
EndProject
Project("{FAE04EC0-301F-11D3-BF4B-00C04F79EFBC}") = "Application", "Application\Application.csproj", "{21B9D694-A4EC-4133-95D2-D39F386AB740}"
EndProject
Project("{FAE04EC0-301F-11D3-BF4B-00C04F79EFBC}") = "Persistence", "Persistence\Persistence.csproj", "{1044F531-4910-424B-9FE7-8E10EE1E65E5}"
EndProject
Project("{FAE04EC0-301F-11D3-BF4B-00C04F79EFBC}") = "API", "API\API.csproj", "{4FECB47A-B640-4BD8-9A75-5240097DC2CB}"
EndProject
Global
	GlobalSection(SolutionConfigurationPlatforms) = preSolution
		Debug|Any CPU = Debug|Any CPU
		Debug|x64 = Debug|x64
		Debug|x86 = Debug|x86
		Release|Any CPU = Release|Any CPU
		Release|x64 = Release|x64
		Release|x86 = Release|x86
	EndGlobalSection
	GlobalSection(SolutionProperties) = preSolution
		HideSolutionNode = FALSE
	EndGlobalSection
	GlobalSection(ProjectConfigurationPlatforms) = postSolution
		{08DCA892-B6C5-442A-8C08-7C7495F3CC4C}.Debug|Any CPU.ActiveCfg = Debug|Any CPU
		{08DCA892-B6C5-442A-8C08-7C7495F3CC4C}.Debug|Any CPU.Build.0 = Debug|Any CPU
		{08DCA892-B6C5-442A-8C08-7C7495F3CC4C}.Debug|x64.ActiveCfg = Debug|Any CPU
		{08DCA892-B6C5-442A-8C08-7C7495F3CC4C}.Debug|x64.Build.0 = Debug|Any CPU
		{08DCA892-B6C5-442A-8C08-7C7495F3CC4C}.Debug|x86.ActiveCfg = Debug|Any CPU
		{08DCA892-B6C5-442A-8C08-7C7495F3CC4C}.Debug|x86.Build.0 = Debug|Any CPU
		{08DCA892-B6C5-442A-8C08-7C7495F3CC4C}.Release|Any CPU.ActiveCfg = Release|Any CPU
		{08DCA892-B6C5-442A-8C08-7C7495F3CC4C}.Release|Any CPU.Build.0 = Release|Any CPU
		{08DCA892-B6C5-442A-8C08-7C7495F3CC4C}.Release|x64.ActiveCfg = Release|Any CPU
		{08DCA892-B6C5-442A-8C08-7C7495F3CC4C}.Release|x64.Build.0 = Release|Any CPU
		{08DCA892-B6C5-442A-8C08-7C7495F3CC4C}.Release|x86.ActiveCfg = Release|Any CPU
		{08DCA892-B6C5-442A-8C08-7C7495F3CC4C}.Release|x86.Build.0 = Release|Any CPU
		{21B9D694-A4EC-4133-95D2-D39F386AB740}.Debug|Any CPU.ActiveCfg = Debug|Any CPU
		{21B9D694-A4EC-4133-95D2-D39F386AB740}.Debug|Any CPU.Build.0 = Debug|Any CPU
		{21B9D694-A4EC-4133-95D2-D39F386AB740}.Debug|x64.ActiveCfg = Debug|Any CPU
		{21B9D694-A4EC-4133-95D2-D39F386AB740}.Debug|x64.Build.0 = Debug|Any CPU
		{21B9D694-A4EC-4133-95D2-D39F386AB740}.Debug|x86.ActiveCfg = Debug|Any CPU
		{21B9D694-A4EC-4133-95D2-D39F386AB740}.Debug|x86.Build.0 = Debug|Any CPU
		{21B9D694-A4EC-4133-95D2-D39F386AB740}.Release|Any CPU.ActiveCfg = Release|Any CPU
		{21B9D694-A4EC-4133-95D2-D39F386AB740}.Release|Any CPU.Build.0 = Release|Any CPU
		{21B9D694-A4EC-4133-95D2-D39F386AB740}.Release|x64.ActiveCfg = Release|Any CPU
		{21B9D694-A4EC-4133-95D2-D39F386AB740}.Release|x64.Build.0 = Release|Any CPU
		{21B9D694-A4EC-4133-95D2-D39F386AB740}.Release|x86.ActiveCfg = Release|Any CPU
		{21B9D694-A4EC-4133-95D2-D39F386AB740}.Release|x86.Build.0 = Release|Any CPU
		{1044F531-4910-424B-9FE7-8E10EE1E65E5}.Debug|Any CPU.ActiveCfg = Debug|Any CPU
		{1044F531-4910-424B-9FE7-8E10EE1E65E5}.Debug|Any CPU.Build.0 = Debug|Any CPU
		{1044F531-4910-424B-9FE7-8E10EE1E65E5}.Debug|x64.ActiveCfg = Debug|Any CPU
		{1044F531-4910-424B-9FE7-8E10EE1E65E5}.Debug|x64.Build.0 = Debug|Any CPU
		{1044F531-4910-424B-9FE7-8E10EE1E65E5}.Debug|x86.ActiveCfg = Debug|Any CPU
		{1044F531-4910-424B-9FE7-8E10EE1E65E5}.Debug|x86.Build.0 = Debug|Any CPU
		{1044F531-4910-424B-9FE7-8E10EE1E65E5}.Release|Any CPU.ActiveCfg = Release|Any CPU
		{1044F531-4910-424B-9FE7-8E10EE1E65E5}.Release|Any CPU.Build.0 = Release|Any CPU
		{1044F531-4910-424B-9FE7-8E10EE1E65E5}.Release|x64.ActiveCfg = Release|Any CPU
		{1044F531-4910-424B-9FE7-8E10EE1E65E5}.Release|x64.Build.0 = Release|Any CPU
		{1044F531-4910-424B-9FE7-8E10EE1E65E5}.Release|x86.ActiveCfg = Release|Any CPU
		{1044F531-4910-424B-9FE7-8E10EE1E65E5}.Release|x86.Build.0 = Release|Any CPU
		{4FECB47A-B640-4BD8-9A75-5240097DC2CB}.Debug|Any CPU.ActiveCfg = Debug|Any CPU
		{4FECB47A-B640-4BD8-9A75-5240097DC2CB}.Debug|Any CPU.Build.0 = Debug|Any CPU
		{4FECB47A-B640-4BD8-9A75-5240097DC2CB}.Debug|x64.ActiveCfg = Debug|Any CPU
		{4FECB47A-B640-4BD8-9A75-5240097DC2CB}.Debug|x64.Build.0 = Debug|Any CPU
		{4FECB47A-B640-4BD8-9A75-5240097DC2CB}.Debug|x86.ActiveCfg = Debug|Any CPU
		{4FECB47A-B640-4BD8-9A75-5240097DC2CB}.Debug|x86.Build.0 = Debug|Any CPU
		{4FECB47A-B640-4BD8-9A75-5240097DC2CB}.Release|Any CPU.ActiveCfg = Release|Any CPU
		{4FECB47A-B640-4BD8-9A75-5240097DC2CB}.Release|Any CPU.Build.0 = Release|Any CPU
		{4FECB47A-B640-4BD8-9A75-5240097DC2CB}.Release|x64.ActiveCfg = Release|Any CPU
		{4FECB47A-B640-4BD8-9A75-5240097DC2CB}.Release|x64.Build.0 = Release|Any CPU
		{4FECB47A-B640-4BD8-9A75-5240097DC2CB}.Release|x86.ActiveCfg = Release|Any CPU
		{4FECB47A-B640-4BD8-9A75-5240097DC2CB}.Release|x86.Build.0 = Release|Any CPU
	EndGlobalSection
EndGlobal
